
Microsoft Visual Studio Solution File, Format Version 12.00
# Visual Studio Version 16
VisualStudioVersion = 16.0.29806.167
MinimumVisualStudioVersion = 10.0.40219.1
Project("{FAE04EC0-301F-11D3-BF4B-00C04F79EFBC}") = "DankSmiteOnline2", "DankSmiteOnline2\DankSmiteOnline2.csproj", "{29D2504A-B0FA-43F1-A1C8-AA7217E1EF8E}"
EndProject
Project("{FAE04EC0-301F-11D3-BF4B-00C04F79EFBC}") = "gaiController", "gaiController\gaiController.csproj", "{4EDE9B5E-FB98-462C-8C2C-463DE2BE6024}"
EndProject
Project("{FAE04EC0-301F-11D3-BF4B-00C04F79EFBC}") = "DankSmite", "DankSmite\DankSmite.csproj", "{ACE97373-B2A8-48DA-BF38-D52710CB5631}"
EndProject
Project("{FAE04EC0-301F-11D3-BF4B-00C04F79EFBC}") = "TempProject", "TempProject\TempProject.csproj", "{1591285A-6588-4283-9F96-D95E02D80917}"
EndProject
Global
	GlobalSection(SolutionConfigurationPlatforms) = preSolution
		Debug|Any CPU = Debug|Any CPU
		Release|Any CPU = Release|Any CPU
	EndGlobalSection
	GlobalSection(ProjectConfigurationPlatforms) = postSolution
		{29D2504A-B0FA-43F1-A1C8-AA7217E1EF8E}.Debug|Any CPU.ActiveCfg = Debug|Any CPU
		{29D2504A-B0FA-43F1-A1C8-AA7217E1EF8E}.Debug|Any CPU.Build.0 = Debug|Any CPU
		{29D2504A-B0FA-43F1-A1C8-AA7217E1EF8E}.Release|Any CPU.ActiveCfg = Release|Any CPU
		{29D2504A-B0FA-43F1-A1C8-AA7217E1EF8E}.Release|Any CPU.Build.0 = Release|Any CPU
		{4EDE9B5E-FB98-462C-8C2C-463DE2BE6024}.Debug|Any CPU.ActiveCfg = Debug|Any CPU
		{4EDE9B5E-FB98-462C-8C2C-463DE2BE6024}.Debug|Any CPU.Build.0 = Debug|Any CPU
		{4EDE9B5E-FB98-462C-8C2C-463DE2BE6024}.Release|Any CPU.ActiveCfg = Release|Any CPU
		{4EDE9B5E-FB98-462C-8C2C-463DE2BE6024}.Release|Any CPU.Build.0 = Release|Any CPU
		{ACE97373-B2A8-48DA-BF38-D52710CB5631}.Debug|Any CPU.ActiveCfg = Debug|Any CPU
		{ACE97373-B2A8-48DA-BF38-D52710CB5631}.Release|Any CPU.ActiveCfg = Release|Any CPU
		{ACE97373-B2A8-48DA-BF38-D52710CB5631}.Release|Any CPU.Build.0 = Release|Any CPU
		{1591285A-6588-4283-9F96-D95E02D80917}.Debug|Any CPU.ActiveCfg = Debug|Any CPU
		{1591285A-6588-4283-9F96-D95E02D80917}.Debug|Any CPU.Build.0 = Debug|Any CPU
		{1591285A-6588-4283-9F96-D95E02D80917}.Release|Any CPU.ActiveCfg = Release|Any CPU
		{1591285A-6588-4283-9F96-D95E02D80917}.Release|Any CPU.Build.0 = Release|Any CPU
	EndGlobalSection
	GlobalSection(SolutionProperties) = preSolution
		HideSolutionNode = FALSE
	EndGlobalSection
	GlobalSection(ExtensibilityGlobals) = postSolution
		SolutionGuid = {B8BCF58C-617A-45BF-BACF-82E7AA50187C}
	EndGlobalSection
EndGlobal
